
Microsoft Visual Studio Solution File, Format Version 12.00
# Visual Studio Version 17
VisualStudioVersion = 17.1.32407.343
MinimumVisualStudioVersion = 10.0.40219.1
Project("{FAE04EC0-301F-11D3-BF4B-00C04F79EFBC}") = "Netpower.Training.Intern2022.API", "Netpower.Training.Intern2022.API\Netpower.Training.Intern2022.API.csproj", "{C4105768-E9B7-4E53-ABD6-ECCF6F1CF201}"
EndProject
Global
	GlobalSection(SolutionConfigurationPlatforms) = preSolution
		Debug|Any CPU = Debug|Any CPU
		Release|Any CPU = Release|Any CPU
	EndGlobalSection
	GlobalSection(ProjectConfigurationPlatforms) = postSolution
		{C4105768-E9B7-4E53-ABD6-ECCF6F1CF201}.Debug|Any CPU.ActiveCfg = Debug|Any CPU
		{C4105768-E9B7-4E53-ABD6-ECCF6F1CF201}.Debug|Any CPU.Build.0 = Debug|Any CPU
		{C4105768-E9B7-4E53-ABD6-ECCF6F1CF201}.Release|Any CPU.ActiveCfg = Release|Any CPU
		{C4105768-E9B7-4E53-ABD6-ECCF6F1CF201}.Release|Any CPU.Build.0 = Release|Any CPU
	EndGlobalSection
	GlobalSection(SolutionProperties) = preSolution
		HideSolutionNode = FALSE
	EndGlobalSection
	GlobalSection(ExtensibilityGlobals) = postSolution
		SolutionGuid = {DA20E255-BD2D-49D2-85CE-58AA6634A5DB}
	EndGlobalSection
EndGlobal
